
Microsoft Visual Studio Solution File, Format Version 12.00
# Visual Studio Version 17
VisualStudioVersion = 17.4.33213.308
MinimumVisualStudioVersion = 10.0.40219.1
Project("{FAE04EC0-301F-11D3-BF4B-00C04F79EFBC}") = "ChatGpt.API", "ChatGpt.API\ChatGpt.API.csproj", "{2DC6BE4A-8C76-4BAD-8AD8-8BBC9AAD7D53}"
EndProject
Global
	GlobalSection(SolutionConfigurationPlatforms) = preSolution
		Debug|Any CPU = Debug|Any CPU
		Release|Any CPU = Release|Any CPU
	EndGlobalSection
	GlobalSection(ProjectConfigurationPlatforms) = postSolution
		{2DC6BE4A-8C76-4BAD-8AD8-8BBC9AAD7D53}.Debug|Any CPU.ActiveCfg = Debug|Any CPU
		{2DC6BE4A-8C76-4BAD-8AD8-8BBC9AAD7D53}.Debug|Any CPU.Build.0 = Debug|Any CPU
		{2DC6BE4A-8C76-4BAD-8AD8-8BBC9AAD7D53}.Release|Any CPU.ActiveCfg = Release|Any CPU
		{2DC6BE4A-8C76-4BAD-8AD8-8BBC9AAD7D53}.Release|Any CPU.Build.0 = Release|Any CPU
	EndGlobalSection
	GlobalSection(SolutionProperties) = preSolution
		HideSolutionNode = FALSE
	EndGlobalSection
	GlobalSection(ExtensibilityGlobals) = postSolution
		SolutionGuid = {523197EA-D8A1-4C99-82D9-06ED6E471F2C}
	EndGlobalSection
EndGlobal
